// !$*UTF8*$!
{
	archiveVersion = 1;
	classes = {
	};
	objectVersion = 60;
	objects = {

/* Begin PBXContainerItemProxy section */
		27ECB5092C489D0300DE81E2 /* PBXContainerItemProxy */ = {
			isa = PBXContainerItemProxy;
			containerPortal = 27ECB4F02C489D0100DE81E2 /* Project object */;
			proxyType = 1;
			remoteGlobalIDString = 27ECB4F72C489D0100DE81E2;
			remoteInfo = CanvasEditor;
		};
		27ECB5132C489D0300DE81E2 /* PBXContainerItemProxy */ = {
			isa = PBXContainerItemProxy;
			containerPortal = 27ECB4F02C489D0100DE81E2 /* Project object */;
			proxyType = 1;
			remoteGlobalIDString = 27ECB4F72C489D0100DE81E2;
			remoteInfo = CanvasEditor;
		};
/* End PBXContainerItemProxy section */

/* Begin PBXFileReference section */
		27ECB4F82C489D0100DE81E2 /* CanvasEditor.app */ = {isa = PBXFileReference; explicitFileType = wrapper.application; includeInIndex = 0; path = CanvasEditor.app; sourceTree = BUILT_PRODUCTS_DIR; };
		27ECB5082C489D0300DE81E2 /* CanvasEditorTests.xctest */ = {isa = PBXFileReference; explicitFileType = wrapper.cfbundle; includeInIndex = 0; path = CanvasEditorTests.xctest; sourceTree = BUILT_PRODUCTS_DIR; };
		27ECB5122C489D0300DE81E2 /* CanvasEditorUITests.xctest */ = {isa = PBXFileReference; explicitFileType = wrapper.cfbundle; includeInIndex = 0; path = CanvasEditorUITests.xctest; sourceTree = BUILT_PRODUCTS_DIR; };
/* End PBXFileReference section */

/* Begin PBXFileSystemSynchronizedRootGroup section */
		27ECB4FA2C489D0100DE81E2 /* CanvasEditor */ = {isa = PBXFileSystemSynchronizedRootGroup; explicitFileTypes = {}; explicitFolders = (); path = CanvasEditor; sourceTree = "<group>"; };
		27ECB50B2C489D0300DE81E2 /* CanvasEditorTests */ = {isa = PBXFileSystemSynchronizedRootGroup; explicitFileTypes = {}; explicitFolders = (); path = CanvasEditorTests; sourceTree = "<group>"; };
		27ECB5152C489D0300DE81E2 /* CanvasEditorUITests */ = {isa = PBXFileSystemSynchronizedRootGroup; explicitFileTypes = {}; explicitFolders = (); path = CanvasEditorUITests; sourceTree = "<group>"; };
/* End PBXFileSystemSynchronizedRootGroup section */

/* Begin PBXFrameworksBuildPhase section */
		27ECB4F52C489D0100DE81E2 /* Frameworks */ = {
			isa = PBXFrameworksBuildPhase;
			buildActionMask = 2147483647;
			files = (
			);
			runOnlyForDeploymentPostprocessing = 0;
		};
		27ECB5052C489D0300DE81E2 /* Frameworks */ = {
			isa = PBXFrameworksBuildPhase;
			buildActionMask = 2147483647;
			files = (
			);
			runOnlyForDeploymentPostprocessing = 0;
		};
		27ECB50F2C489D0300DE81E2 /* Frameworks */ = {
			isa = PBXFrameworksBuildPhase;
			buildActionMask = 2147483647;
			files = (
			);
			runOnlyForDeploymentPostprocessing = 0;
		};
/* End PBXFrameworksBuildPhase section */

/* Begin PBXGroup section */
		27ECB4EF2C489D0100DE81E2 = {
			isa = PBXGroup;
			children = (
				27ECB4FA2C489D0100DE81E2 /* CanvasEditor */,
				27ECB50B2C489D0300DE81E2 /* CanvasEditorTests */,
				27ECB5152C489D0300DE81E2 /* CanvasEditorUITests */,
				27ECB4F92C489D0100DE81E2 /* Products */,
			);
			sourceTree = "<group>";
		};
		27ECB4F92C489D0100DE81E2 /* Products */ = {
			isa = PBXGroup;
			children = (
				27ECB4F82C489D0100DE81E2 /* CanvasEditor.app */,
				27ECB5082C489D0300DE81E2 /* CanvasEditorTests.xctest */,
				27ECB5122C489D0300DE81E2 /* CanvasEditorUITests.xctest */,
			);
			name = Products;
			sourceTree = "<group>";
		};
/* End PBXGroup section */

/* Begin PBXNativeTarget section */
		27ECB4F72C489D0100DE81E2 /* CanvasEditor */ = {
			isa = PBXNativeTarget;
			buildConfigurationList = 27ECB51C2C489D0300DE81E2 /* Build configuration list for PBXNativeTarget "CanvasEditor" */;
			buildPhases = (
				27ECB4F42C489D0100DE81E2 /* Sources */,
				27ECB4F52C489D0100DE81E2 /* Frameworks */,
				27ECB4F62C489D0100DE81E2 /* Resources */,
			);
			buildRules = (
			);
			dependencies = (
			);
			fileSystemSynchronizedGroups = (
				27ECB4FA2C489D0100DE81E2 /* CanvasEditor */,
			);
			name = CanvasEditor;
			packageProductDependencies = (
			);
			productName = CanvasEditor;
			productReference = 27ECB4F82C489D0100DE81E2 /* CanvasEditor.app */;
			productType = "com.apple.product-type.application";
		};
		27ECB5072C489D0300DE81E2 /* CanvasEditorTests */ = {
			isa = PBXNativeTarget;
			buildConfigurationList = 27ECB51F2C489D0300DE81E2 /* Build configuration list for PBXNativeTarget "CanvasEditorTests" */;
			buildPhases = (
				27ECB5042C489D0300DE81E2 /* Sources */,
				27ECB5052C489D0300DE81E2 /* Frameworks */,
				27ECB5062C489D0300DE81E2 /* Resources */,
			);
			buildRules = (
			);
			dependencies = (
				27ECB50A2C489D0300DE81E2 /* PBXTargetDependency */,
			);
			fileSystemSynchronizedGroups = (
				27ECB50B2C489D0300DE81E2 /* CanvasEditorTests */,
			);
			name = CanvasEditorTests;
			packageProductDependencies = (
			);
			productName = CanvasEditorTests;
			productReference = 27ECB5082C489D0300DE81E2 /* CanvasEditorTests.xctest */;
			productType = "com.apple.product-type.bundle.unit-test";
		};
		27ECB5112C489D0300DE81E2 /* CanvasEditorUITests */ = {
			isa = PBXNativeTarget;
			buildConfigurationList = 27ECB5222C489D0300DE81E2 /* Build configuration list for PBXNativeTarget "CanvasEditorUITests" */;
			buildPhases = (
				27ECB50E2C489D0300DE81E2 /* Sources */,
				27ECB50F2C489D0300DE81E2 /* Frameworks */,
				27ECB5102C489D0300DE81E2 /* Resources */,
			);
			buildRules = (
			);
			dependencies = (
				27ECB5142C489D0300DE81E2 /* PBXTargetDependency */,
			);
			fileSystemSynchronizedGroups = (
				27ECB5152C489D0300DE81E2 /* CanvasEditorUITests */,
			);
			name = CanvasEditorUITests;
			packageProductDependencies = (
			);
			productName = CanvasEditorUITests;
			productReference = 27ECB5122C489D0300DE81E2 /* CanvasEditorUITests.xctest */;
			productType = "com.apple.product-type.bundle.ui-testing";
		};
/* End PBXNativeTarget section */

/* Begin PBXProject section */
		27ECB4F02C489D0100DE81E2 /* Project object */ = {
			isa = PBXProject;
			attributes = {
				BuildIndependentTargetsInParallel = 1;
				LastSwiftUpdateCheck = 1600;
				LastUpgradeCheck = 1600;
				TargetAttributes = {
					27ECB4F72C489D0100DE81E2 = {
						CreatedOnToolsVersion = 16.0;
					};
					27ECB5072C489D0300DE81E2 = {
						CreatedOnToolsVersion = 16.0;
						TestTargetID = 27ECB4F72C489D0100DE81E2;
					};
					27ECB5112C489D0300DE81E2 = {
						CreatedOnToolsVersion = 16.0;
						TestTargetID = 27ECB4F72C489D0100DE81E2;
					};
				};
			};
			buildConfigurationList = 27ECB4F32C489D0100DE81E2 /* Build configuration list for PBXProject "CanvasEditor" */;
			compatibilityVersion = "Xcode 15.0";
			developmentRegion = en;
			hasScannedForEncodings = 0;
			knownRegions = (
				en,
				Base,
			);
			mainGroup = 27ECB4EF2C489D0100DE81E2;
			productRefGroup = 27ECB4F92C489D0100DE81E2 /* Products */;
			projectDirPath = "";
			projectRoot = "";
			targets = (
				27ECB4F72C489D0100DE81E2 /* CanvasEditor */,
				27ECB5072C489D0300DE81E2 /* CanvasEditorTests */,
				27ECB5112C489D0300DE81E2 /* CanvasEditorUITests */,
			);
		};
/* End PBXProject section */

/* Begin PBXResourcesBuildPhase section */
		27ECB4F62C489D0100DE81E2 /* Resources */ = {
			isa = PBXResourcesBuildPhase;
			buildActionMask = 2147483647;
			files = (
			);
			runOnlyForDeploymentPostprocessing = 0;
		};
		27ECB5062C489D0300DE81E2 /* Resources */ = {
			isa = PBXResourcesBuildPhase;
			buildActionMask = 2147483647;
			files = (
			);
			runOnlyForDeploymentPostprocessing = 0;
		};
		27ECB5102C489D0300DE81E2 /* Resources */ = {
			isa = PBXResourcesBuildPhase;
			buildActionMask = 2147483647;
			files = (
			);
			runOnlyForDeploymentPostprocessing = 0;
		};
/* End PBXResourcesBuildPhase section */

/* Begin PBXSourcesBuildPhase section */
		27ECB4F42C489D0100DE81E2 /* Sources */ = {
			isa = PBXSourcesBuildPhase;
			buildActionMask = 2147483647;
			files = (
			);
			runOnlyForDeploymentPostprocessing = 0;
		};
		27ECB5042C489D0300DE81E2 /* Sources */ = {
			isa = PBXSourcesBuildPhase;
			buildActionMask = 2147483647;
			files = (
			);
			runOnlyForDeploymentPostprocessing = 0;
		};
		27ECB50E2C489D0300DE81E2 /* Sources */ = {
			isa = PBXSourcesBuildPhase;
			buildActionMask = 2147483647;
			files = (
			);
			runOnlyForDeploymentPostprocessing = 0;
		};
/* End PBXSourcesBuildPhase section */

/* Begin PBXTargetDependency section */
		27ECB50A2C489D0300DE81E2 /* PBXTargetDependency */ = {
			isa = PBXTargetDependency;
			target = 27ECB4F72C489D0100DE81E2 /* CanvasEditor */;
			targetProxy = 27ECB5092C489D0300DE81E2 /* PBXContainerItemProxy */;
		};
		27ECB5142C489D0300DE81E2 /* PBXTargetDependency */ = {
			isa = PBXTargetDependency;
			target = 27ECB4F72C489D0100DE81E2 /* CanvasEditor */;
			targetProxy = 27ECB5132C489D0300DE81E2 /* PBXContainerItemProxy */;
		};
/* End PBXTargetDependency section */

/* Begin XCBuildConfiguration section */
		27ECB51A2C489D0300DE81E2 /* Debug */ = {
			isa = XCBuildConfiguration;
			buildSettings = {
				ALWAYS_SEARCH_USER_PATHS = NO;
				ASSETCATALOG_COMPILER_GENERATE_SWIFT_ASSET_SYMBOL_EXTENSIONS = YES;
				CLANG_ANALYZER_NONNULL = YES;
				CLANG_ANALYZER_NUMBER_OBJECT_CONVERSION = YES_AGGRESSIVE;
				CLANG_CXX_LANGUAGE_STANDARD = "gnu++20";
				CLANG_ENABLE_MODULES = YES;
				CLANG_ENABLE_OBJC_ARC = YES;
				CLANG_ENABLE_OBJC_WEAK = YES;
				CLANG_WARN_BLOCK_CAPTURE_AUTORELEASING = YES;
				CLANG_WARN_BOOL_CONVERSION = YES;
				CLANG_WARN_COMMA = YES;
				CLANG_WARN_CONSTANT_CONVERSION = YES;
				CLANG_WARN_DEPRECATED_OBJC_IMPLEMENTATIONS = YES;
				CLANG_WARN_DIRECT_OBJC_ISA_USAGE = YES_ERROR;
				CLANG_WARN_DOCUMENTATION_COMMENTS = YES;
				CLANG_WARN_EMPTY_BODY = YES;
				CLANG_WARN_ENUM_CONVERSION = YES;
				CLANG_WARN_INFINITE_RECURSION = YES;
				CLANG_WARN_INT_CONVERSION = YES;
				CLANG_WARN_NON_LITERAL_NULL_CONVERSION = YES;
				CLANG_WARN_OBJC_IMPLICIT_RETAIN_SELF = YES;
				CLANG_WARN_OBJC_LITERAL_CONVERSION = YES;
				CLANG_WARN_OBJC_ROOT_CLASS = YES_ERROR;
				CLANG_WARN_QUOTED_INCLUDE_IN_FRAMEWORK_HEADER = YES;
				CLANG_WARN_RANGE_LOOP_ANALYSIS = YES;
				CLANG_WARN_STRICT_PROTOTYPES = YES;
				CLANG_WARN_SUSPICIOUS_MOVE = YES;
				CLANG_WARN_UNGUARDED_AVAILABILITY = YES_AGGRESSIVE;
				CLANG_WARN_UNREACHABLE_CODE = YES;
				CLANG_WARN__DUPLICATE_METHOD_MATCH = YES;
				COPY_PHASE_STRIP = NO;
				DEBUG_INFORMATION_FORMAT = dwarf;
				ENABLE_STRICT_OBJC_MSGSEND = YES;
				ENABLE_TESTABILITY = YES;
				ENABLE_USER_SCRIPT_SANDBOXING = YES;
				GCC_C_LANGUAGE_STANDARD = gnu17;
				GCC_DYNAMIC_NO_PIC = NO;
				GCC_NO_COMMON_BLOCKS = YES;
				GCC_OPTIMIZATION_LEVEL = 0;
				GCC_PREPROCESSOR_DEFINITIONS = (
					"DEBUG=1",
					"$(inherited)",
				);
				GCC_WARN_64_TO_32_BIT_CONVERSION = YES;
				GCC_WARN_ABOUT_RETURN_TYPE = YES_ERROR;
				GCC_WARN_UNDECLARED_SELECTOR = YES;
				GCC_WARN_UNINITIALIZED_AUTOS = YES_AGGRESSIVE;
				GCC_WARN_UNUSED_FUNCTION = YES;
				GCC_WARN_UNUSED_VARIABLE = YES;
				IPHONEOS_DEPLOYMENT_TARGET = 18.0;
				LOCALIZATION_PREFERS_STRING_CATALOGS = YES;
				MTL_ENABLE_DEBUG_INFO = INCLUDE_SOURCE;
				MTL_FAST_MATH = YES;
				ONLY_ACTIVE_ARCH = YES;
				SDKROOT = iphoneos;
				SWIFT_ACTIVE_COMPILATION_CONDITIONS = "DEBUG $(inherited)";
				SWIFT_OPTIMIZATION_LEVEL = "-Onone";
			};
			name = Debug;
		};
		27ECB51B2C489D0300DE81E2 /* Release */ = {
			isa = XCBuildConfiguration;
			buildSettings = {
				ALWAYS_SEARCH_USER_PATHS = NO;
				ASSETCATALOG_COMPILER_GENERATE_SWIFT_ASSET_SYMBOL_EXTENSIONS = YES;
				CLANG_ANALYZER_NONNULL = YES;
				CLANG_ANALYZER_NUMBER_OBJECT_CONVERSION = YES_AGGRESSIVE;
				CLANG_CXX_LANGUAGE_STANDARD = "gnu++20";
				CLANG_ENABLE_MODULES = YES;
				CLANG_ENABLE_OBJC_ARC = YES;
				CLANG_ENABLE_OBJC_WEAK = YES;
				CLANG_WARN_BLOCK_CAPTURE_AUTORELEASING = YES;
				CLANG_WARN_BOOL_CONVERSION = YES;
				CLANG_WARN_COMMA = YES;
				CLANG_WARN_CONSTANT_CONVERSION = YES;
				CLANG_WARN_DEPRECATED_OBJC_IMPLEMENTATIONS = YES;
				CLANG_WARN_DIRECT_OBJC_ISA_USAGE = YES_ERROR;
				CLANG_WARN_DOCUMENTATION_COMMENTS = YES;
				CLANG_WARN_EMPTY_BODY = YES;
				CLANG_WARN_ENUM_CONVERSION = YES;
				CLANG_WARN_INFINITE_RECURSION = YES;
				CLANG_WARN_INT_CONVERSION = YES;
				CLANG_WARN_NON_LITERAL_NULL_CONVERSION = YES;
				CLANG_WARN_OBJC_IMPLICIT_RETAIN_SELF = YES;
				CLANG_WARN_OBJC_LITERAL_CONVERSION = YES;
				CLANG_WARN_OBJC_ROOT_CLASS = YES_ERROR;
				CLANG_WARN_QUOTED_INCLUDE_IN_FRAMEWORK_HEADER = YES;
				CLANG_WARN_RANGE_LOOP_ANALYSIS = YES;
				CLANG_WARN_STRICT_PROTOTYPES = YES;
				CLANG_WARN_SUSPICIOUS_MOVE = YES;
				CLANG_WARN_UNGUARDED_AVAILABILITY = YES_AGGRESSIVE;
				CLANG_WARN_UNREACHABLE_CODE = YES;
				CLANG_WARN__DUPLICATE_METHOD_MATCH = YES;
				COPY_PHASE_STRIP = NO;
				DEBUG_INFORMATION_FORMAT = "dwarf-with-dsym";
				ENABLE_NS_ASSERTIONS = NO;
				ENABLE_STRICT_OBJC_MSGSEND = YES;
				ENABLE_USER_SCRIPT_SANDBOXING = YES;
				GCC_C_LANGUAGE_STANDARD = gnu17;
				GCC_NO_COMMON_BLOCKS = YES;
				GCC_WARN_64_TO_32_BIT_CONVERSION = YES;
				GCC_WARN_ABOUT_RETURN_TYPE = YES_ERROR;
				GCC_WARN_UNDECLARED_SELECTOR = YES;
				GCC_WARN_UNINITIALIZED_AUTOS = YES_AGGRESSIVE;
				GCC_WARN_UNUSED_FUNCTION = YES;
				GCC_WARN_UNUSED_VARIABLE = YES;
				IPHONEOS_DEPLOYMENT_TARGET = 18.0;
				LOCALIZATION_PREFERS_STRING_CATALOGS = YES;
				MTL_ENABLE_DEBUG_INFO = NO;
				MTL_FAST_MATH = YES;
				SDKROOT = iphoneos;
				SWIFT_COMPILATION_MODE = wholemodule;
				VALIDATE_PRODUCT = YES;
			};
			name = Release;
		};
		27ECB51D2C489D0300DE81E2 /* Debug */ = {
			isa = XCBuildConfiguration;
			buildSettings = {
				ASSETCATALOG_COMPILER_APPICON_NAME = AppIcon;
				ASSETCATALOG_COMPILER_GLOBAL_ACCENT_COLOR_NAME = AccentColor;
				CODE_SIGN_STYLE = Automatic;
				CURRENT_PROJECT_VERSION = 1;
				DEVELOPMENT_ASSET_PATHS = "\"CanvasEditor/Preview Content\"";
				DEVELOPMENT_TEAM = S3879FFC37;
				ENABLE_PREVIEWS = YES;
				GENERATE_INFOPLIST_FILE = YES;
				INFOPLIST_KEY_UIApplicationSceneManifest_Generation = YES;
				INFOPLIST_KEY_UIApplicationSupportsIndirectInputEvents = YES;
				INFOPLIST_KEY_UILaunchScreen_Generation = YES;
				INFOPLIST_KEY_UISupportedInterfaceOrientations_iPad = "UIInterfaceOrientationPortrait UIInterfaceOrientationPortraitUpsideDown UIInterfaceOrientationLandscapeLeft UIInterfaceOrientationLandscapeRight";
				INFOPLIST_KEY_UISupportedInterfaceOrientations_iPhone = "UIInterfaceOrientationPortrait UIInterfaceOrientationLandscapeLeft UIInterfaceOrientationLandscapeRight";
				LD_RUNPATH_SEARCH_PATHS = (
					"$(inherited)",
					"@executable_path/Frameworks",
				);
				MARKETING_VERSION = 1.0;
				PRODUCT_BUNDLE_IDENTIFIER = top.lemonapp.CanvasEditor;
				PRODUCT_NAME = "$(TARGET_NAME)";
				SWIFT_EMIT_LOC_STRINGS = YES;
				SWIFT_VERSION = 5.0;
				TARGETED_DEVICE_FAMILY = "1,2";
			};
			name = Debug;
		};
		27ECB51E2C489D0300DE81E2 /* Release */ = {
			isa = XCBuildConfiguration;
			buildSettings = {
				ASSETCATALOG_COMPILER_APPICON_NAME = AppIcon;
				ASSETCATALOG_COMPILER_GLOBAL_ACCENT_COLOR_NAME = AccentColor;
				CODE_SIGN_STYLE = Automatic;
				CURRENT_PROJECT_VERSION = 1;
				DEVELOPMENT_ASSET_PATHS = "\"CanvasEditor/Preview Content\"";
				DEVELOPMENT_TEAM = S3879FFC37;
				ENABLE_PREVIEWS = YES;
				GENERATE_INFOPLIST_FILE = YES;
				INFOPLIST_KEY_UIApplicationSceneManifest_Generation = YES;
				INFOPLIST_KEY_UIApplicationSupportsIndirectInputEvents = YES;
				INFOPLIST_KEY_UILaunchScreen_Generation = YES;
				INFOPLIST_KEY_UISupportedInterfaceOrientations_iPad = "UIInterfaceOrientationPortrait UIInterfaceOrientationPortraitUpsideDown UIInterfaceOrientationLandscapeLeft UIInterfaceOrientationLandscapeRight";
				INFOPLIST_KEY_UISupportedInterfaceOrientations_iPhone = "UIInterfaceOrientationPortrait UIInterfaceOrientationLandscapeLeft UIInterfaceOrientationLandscapeRight";
				LD_RUNPATH_SEARCH_PATHS = (
					"$(inherited)",
					"@executable_path/Frameworks",
				);
				MARKETING_VERSION = 1.0;
				PRODUCT_BUNDLE_IDENTIFIER = top.lemonapp.CanvasEditor;
				PRODUCT_NAME = "$(TARGET_NAME)";
				SWIFT_EMIT_LOC_STRINGS = YES;
				SWIFT_VERSION = 5.0;
				TARGETED_DEVICE_FAMILY = "1,2";
			};
			name = Release;
		};
		27ECB5202C489D0300DE81E2 /* Debug */ = {
			isa = XCBuildConfiguration;
			buildSettings = {
				BUNDLE_LOADER = "$(TEST_HOST)";
				CODE_SIGN_STYLE = Automatic;
				CURRENT_PROJECT_VERSION = 1;
				DEVELOPMENT_TEAM = S3879FFC37;
				GENERATE_INFOPLIST_FILE = YES;
				IPHONEOS_DEPLOYMENT_TARGET = 18.0;
				MARKETING_VERSION = 1.0;
				PRODUCT_BUNDLE_IDENTIFIER = top.lemonapp.CanvasEditorTests;
				PRODUCT_NAME = "$(TARGET_NAME)";
				SWIFT_EMIT_LOC_STRINGS = NO;
				SWIFT_VERSION = 5.0;
				TARGETED_DEVICE_FAMILY = "1,2";
				TEST_HOST = "$(BUILT_PRODUCTS_DIR)/CanvasEditor.app/$(BUNDLE_EXECUTABLE_FOLDER_PATH)/CanvasEditor";
			};
			name = Debug;
		};
		27ECB5212C489D0300DE81E2 /* Release */ = {
			isa = XCBuildConfiguration;
			buildSettings = {
				BUNDLE_LOADER = "$(TEST_HOST)";
				CODE_SIGN_STYLE = Automatic;
				CURRENT_PROJECT_VERSION = 1;
				DEVELOPMENT_TEAM = S3879FFC37;
				GENERATE_INFOPLIST_FILE = YES;
				IPHONEOS_DEPLOYMENT_TARGET = 18.0;
				MARKETING_VERSION = 1.0;
				PRODUCT_BUNDLE_IDENTIFIER = top.lemonapp.CanvasEditorTests;
				PRODUCT_NAME = "$(TARGET_NAME)";
				SWIFT_EMIT_LOC_STRINGS = NO;
				SWIFT_VERSION = 5.0;
				TARGETED_DEVICE_FAMILY = "1,2";
				TEST_HOST = "$(BUILT_PRODUCTS_DIR)/CanvasEditor.app/$(BUNDLE_EXECUTABLE_FOLDER_PATH)/CanvasEditor";
			};
			name = Release;
		};
		27ECB5232C489D0300DE81E2 /* Debug */ = {
			isa = XCBuildConfiguration;
			buildSettings = {
				CODE_SIGN_STYLE = Automatic;
				CURRENT_PROJECT_VERSION = 1;
				DEVELOPMENT_TEAM = S3879FFC37;
				GENERATE_INFOPLIST_FILE = YES;
				MARKETING_VERSION = 1.0;
				PRODUCT_BUNDLE_IDENTIFIER = top.lemonapp.CanvasEditorUITests;
				PRODUCT_NAME = "$(TARGET_NAME)";
				SWIFT_EMIT_LOC_STRINGS = NO;
				SWIFT_VERSION = 5.0;
				TARGETED_DEVICE_FAMILY = "1,2";
				TEST_TARGET_NAME = CanvasEditor;
			};
			name = Debug;
		};
		27ECB5242C489D0300DE81E2 /* Release */ = {
			isa = XCBuildConfiguration;
			buildSettings = {
				CODE_SIGN_STYLE = Automatic;
				CURRENT_PROJECT_VERSION = 1;
				DEVELOPMENT_TEAM = S3879FFC37;
				GENERATE_INFOPLIST_FILE = YES;
				MARKETING_VERSION = 1.0;
				PRODUCT_BUNDLE_IDENTIFIER = top.lemonapp.CanvasEditorUITests;
				PRODUCT_NAME = "$(TARGET_NAME)";
				SWIFT_EMIT_LOC_STRINGS = NO;
				SWIFT_VERSION = 5.0;
				TARGETED_DEVICE_FAMILY = "1,2";
				TEST_TARGET_NAME = CanvasEditor;
			};
			name = Release;
		};
/* End XCBuildConfiguration section */

/* Begin XCConfigurationList section */
		27ECB4F32C489D0100DE81E2 /* Build configuration list for PBXProject "CanvasEditor" */ = {
			isa = XCConfigurationList;
			buildConfigurations = (
				27ECB51A2C489D0300DE81E2 /* Debug */,
				27ECB51B2C489D0300DE81E2 /* Release */,
			);
			defaultConfigurationIsVisible = 0;
			defaultConfigurationName = Release;
		};
		27ECB51C2C489D0300DE81E2 /* Build configuration list for PBXNativeTarget "CanvasEditor" */ = {
			isa = XCConfigurationList;
			buildConfigurations = (
				27ECB51D2C489D0300DE81E2 /* Debug */,
				27ECB51E2C489D0300DE81E2 /* Release */,
			);
			defaultConfigurationIsVisible = 0;
			defaultConfigurationName = Release;
		};
		27ECB51F2C489D0300DE81E2 /* Build configuration list for PBXNativeTarget "CanvasEditorTests" */ = {
			isa = XCConfigurationList;
			buildConfigurations = (
				27ECB5202C489D0300DE81E2 /* Debug */,
				27ECB5212C489D0300DE81E2 /* Release */,
			);
			defaultConfigurationIsVisible = 0;
			defaultConfigurationName = Release;
		};
		27ECB5222C489D0300DE81E2 /* Build configuration list for PBXNativeTarget "CanvasEditorUITests" */ = {
			isa = XCConfigurationList;
			buildConfigurations = (
				27ECB5232C489D0300DE81E2 /* Debug */,
				27ECB5242C489D0300DE81E2 /* Release */,
			);
			defaultConfigurationIsVisible = 0;
			defaultConfigurationName = Release;
		};
/* End XCConfigurationList section */
	};
	rootObject = 27ECB4F02C489D0100DE81E2 /* Project object */;
}
